
Microsoft Visual Studio Solution File, Format Version 12.00
# Visual Studio Version 16
VisualStudioVersion = 16.0.31229.75
MinimumVisualStudioVersion = 10.0.40219.1
Project("{9A19103F-16F7-4668-BE54-9A1E7A4F7556}") = "AquilaTodos", "AquilaTodos\AquilaTodos.csproj", "{D49C5B79-C525-47A4-B4B9-0D07B4825ECB}"
EndProject
Project("{2150E333-8FDC-42A3-9474-1A3956D46DE8}") = "Solution Items", "Solution Items", "{168B294D-1FC3-4B30-8FC4-227BA2C4F35F}"
	ProjectSection(SolutionItems) = preProject
		.editorconfig = .editorconfig
	EndProjectSection
EndProject
Project("{FAE04EC0-301F-11D3-BF4B-00C04F79EFBC}") = "AquilaTodos.Tests", "AquilaTodos.Tests\AquilaTodos.Tests.csproj", "{8089716B-8FE0-4F3B-8806-9C6D92DA0174}"
EndProject
Global
	GlobalSection(SolutionConfigurationPlatforms) = preSolution
		Debug|Any CPU = Debug|Any CPU
		Release|Any CPU = Release|Any CPU
	EndGlobalSection
	GlobalSection(ProjectConfigurationPlatforms) = postSolution
		{D49C5B79-C525-47A4-B4B9-0D07B4825ECB}.Debug|Any CPU.ActiveCfg = Debug|Any CPU
		{D49C5B79-C525-47A4-B4B9-0D07B4825ECB}.Debug|Any CPU.Build.0 = Debug|Any CPU
		{D49C5B79-C525-47A4-B4B9-0D07B4825ECB}.Release|Any CPU.ActiveCfg = Release|Any CPU
		{D49C5B79-C525-47A4-B4B9-0D07B4825ECB}.Release|Any CPU.Build.0 = Release|Any CPU
		{8089716B-8FE0-4F3B-8806-9C6D92DA0174}.Debug|Any CPU.ActiveCfg = Debug|Any CPU
		{8089716B-8FE0-4F3B-8806-9C6D92DA0174}.Debug|Any CPU.Build.0 = Debug|Any CPU
		{8089716B-8FE0-4F3B-8806-9C6D92DA0174}.Release|Any CPU.ActiveCfg = Release|Any CPU
		{8089716B-8FE0-4F3B-8806-9C6D92DA0174}.Release|Any CPU.Build.0 = Release|Any CPU
	EndGlobalSection
	GlobalSection(SolutionProperties) = preSolution
		HideSolutionNode = FALSE
	EndGlobalSection
	GlobalSection(ExtensibilityGlobals) = postSolution
		SolutionGuid = {999E39AF-3618-4CBC-9555-3A1F914672CD}
	EndGlobalSection
EndGlobal
